// !$*UTF8*$!
{
	archiveVersion = 1;
	classes = {
	};
	objectVersion = 46;
	objects = {

/* Begin PBXBuildFile section */
		08CE84903C744C8BF5E2EA5E /* Pods_LearningReSwiftUITests.framework in Frameworks */ = {isa = PBXBuildFile; fileRef = BE95492DBFEA1BF423EA95A4 /* Pods_LearningReSwiftUITests.framework */; };
		2C3376D01D7EE432000158BE /* HeaderCell.swift in Sources */ = {isa = PBXBuildFile; fileRef = 2C3376CF1D7EE432000158BE /* HeaderCell.swift */; };
		2C4EAC2F1D7435D200643F03 /* AppDelegate.swift in Sources */ = {isa = PBXBuildFile; fileRef = 2C4EAC2E1D7435D200643F03 /* AppDelegate.swift */; };
		2C4EAC311D7435D200643F03 /* ViewController.swift in Sources */ = {isa = PBXBuildFile; fileRef = 2C4EAC301D7435D200643F03 /* ViewController.swift */; };
		2C4EAC341D7435D200643F03 /* Main.storyboard in Resources */ = {isa = PBXBuildFile; fileRef = 2C4EAC321D7435D200643F03 /* Main.storyboard */; };
		2C4EAC361D7435D200643F03 /* Assets.xcassets in Resources */ = {isa = PBXBuildFile; fileRef = 2C4EAC351D7435D200643F03 /* Assets.xcassets */; };
		2C4EAC391D7435D200643F03 /* LaunchScreen.storyboard in Resources */ = {isa = PBXBuildFile; fileRef = 2C4EAC371D7435D200643F03 /* LaunchScreen.storyboard */; };
		2C4EAC441D7435D200643F03 /* LearningReSwiftTests.swift in Sources */ = {isa = PBXBuildFile; fileRef = 2C4EAC431D7435D200643F03 /* LearningReSwiftTests.swift */; };
		2C4EAC4F1D7435D200643F03 /* LearningReSwiftUITests.swift in Sources */ = {isa = PBXBuildFile; fileRef = 2C4EAC4E1D7435D200643F03 /* LearningReSwiftUITests.swift */; };
		2C7907441D7E14CC001AD8F9 /* AppState.swift in Sources */ = {isa = PBXBuildFile; fileRef = 2C7907431D7E14CC001AD8F9 /* AppState.swift */; };
		2C7907461D7E153E001AD8F9 /* Actions.swift in Sources */ = {isa = PBXBuildFile; fileRef = 2C7907451D7E153E001AD8F9 /* Actions.swift */; };
		2C7907481D7E162B001AD8F9 /* AppReducer.swift in Sources */ = {isa = PBXBuildFile; fileRef = 2C7907471D7E162B001AD8F9 /* AppReducer.swift */; };
		2C79074A1D7E1C71001AD8F9 /* RegularCell.swift in Sources */ = {isa = PBXBuildFile; fileRef = 2C7907491D7E1C71001AD8F9 /* RegularCell.swift */; };
		4FEA71E6ACF432EEC8E25FE5 /* Pods_LearningReSwiftTests.framework in Frameworks */ = {isa = PBXBuildFile; fileRef = 64CFF0AEC85BB63AEC91BF4D /* Pods_LearningReSwiftTests.framework */; };
		B5BA43A42D49DBCF8CE66ACF /* Pods_LearningReSwift.framework in Frameworks */ = {isa = PBXBuildFile; fileRef = B1677B8EB3A2139CADB192E5 /* Pods_LearningReSwift.framework */; };
/* End PBXBuildFile section */

/* Begin PBXContainerItemProxy section */
		2C4EAC401D7435D200643F03 /* PBXContainerItemProxy */ = {
			isa = PBXContainerItemProxy;
			containerPortal = 2C4EAC231D7435D200643F03 /* Project object */;
			proxyType = 1;
			remoteGlobalIDString = 2C4EAC2A1D7435D200643F03;
			remoteInfo = LearningReSwift;
		};
		2C4EAC4B1D7435D200643F03 /* PBXContainerItemProxy */ = {
			isa = PBXContainerItemProxy;
			containerPortal = 2C4EAC231D7435D200643F03 /* Project object */;
			proxyType = 1;
			remoteGlobalIDString = 2C4EAC2A1D7435D200643F03;
			remoteInfo = LearningReSwift;
		};
/* End PBXContainerItemProxy section */

/* Begin PBXFileReference section */
		108891B889B5D877477EB1E8 /* Pods-LearningReSwiftTests.debug.xcconfig */ = {isa = PBXFileReference; includeInIndex = 1; lastKnownFileType = text.xcconfig; name = "Pods-LearningReSwiftTests.debug.xcconfig"; path = "Pods/Target Support Files/Pods-LearningReSwiftTests/Pods-LearningReSwiftTests.debug.xcconfig"; sourceTree = "<group>"; };
		16A2A6866AA7841D04EAB54B /* Pods-LearningReSwift.release.xcconfig */ = {isa = PBXFileReference; includeInIndex = 1; lastKnownFileType = text.xcconfig; name = "Pods-LearningReSwift.release.xcconfig"; path = "Pods/Target Support Files/Pods-LearningReSwift/Pods-LearningReSwift.release.xcconfig"; sourceTree = "<group>"; };
		2C3376CF1D7EE432000158BE /* HeaderCell.swift */ = {isa = PBXFileReference; fileEncoding = 4; lastKnownFileType = sourcecode.swift; path = HeaderCell.swift; sourceTree = "<group>"; };
		2C4EAC2B1D7435D200643F03 /* LearningReSwift.app */ = {isa = PBXFileReference; explicitFileType = wrapper.application; includeInIndex = 0; path = LearningReSwift.app; sourceTree = BUILT_PRODUCTS_DIR; };
		2C4EAC2E1D7435D200643F03 /* AppDelegate.swift */ = {isa = PBXFileReference; lastKnownFileType = sourcecode.swift; path = AppDelegate.swift; sourceTree = "<group>"; };
		2C4EAC301D7435D200643F03 /* ViewController.swift */ = {isa = PBXFileReference; lastKnownFileType = sourcecode.swift; path = ViewController.swift; sourceTree = "<group>"; };
		2C4EAC331D7435D200643F03 /* Base */ = {isa = PBXFileReference; lastKnownFileType = file.storyboard; name = Base; path = Base.lproj/Main.storyboard; sourceTree = "<group>"; };
		2C4EAC351D7435D200643F03 /* Assets.xcassets */ = {isa = PBXFileReference; lastKnownFileType = folder.assetcatalog; path = Assets.xcassets; sourceTree = "<group>"; };
		2C4EAC381D7435D200643F03 /* Base */ = {isa = PBXFileReference; lastKnownFileType = file.storyboard; name = Base; path = Base.lproj/LaunchScreen.storyboard; sourceTree = "<group>"; };
		2C4EAC3A1D7435D200643F03 /* Info.plist */ = {isa = PBXFileReference; lastKnownFileType = text.plist.xml; path = Info.plist; sourceTree = "<group>"; };
		2C4EAC3F1D7435D200643F03 /* LearningReSwiftTests.xctest */ = {isa = PBXFileReference; explicitFileType = wrapper.cfbundle; includeInIndex = 0; path = LearningReSwiftTests.xctest; sourceTree = BUILT_PRODUCTS_DIR; };
		2C4EAC431D7435D200643F03 /* LearningReSwiftTests.swift */ = {isa = PBXFileReference; lastKnownFileType = sourcecode.swift; path = LearningReSwiftTests.swift; sourceTree = "<group>"; };
		2C4EAC451D7435D200643F03 /* Info.plist */ = {isa = PBXFileReference; lastKnownFileType = text.plist.xml; path = Info.plist; sourceTree = "<group>"; };
		2C4EAC4A1D7435D200643F03 /* LearningReSwiftUITests.xctest */ = {isa = PBXFileReference; explicitFileType = wrapper.cfbundle; includeInIndex = 0; path = LearningReSwiftUITests.xctest; sourceTree = BUILT_PRODUCTS_DIR; };
		2C4EAC4E1D7435D200643F03 /* LearningReSwiftUITests.swift */ = {isa = PBXFileReference; lastKnownFileType = sourcecode.swift; path = LearningReSwiftUITests.swift; sourceTree = "<group>"; };
		2C4EAC501D7435D200643F03 /* Info.plist */ = {isa = PBXFileReference; lastKnownFileType = text.plist.xml; path = Info.plist; sourceTree = "<group>"; };
		2C7907431D7E14CC001AD8F9 /* AppState.swift */ = {isa = PBXFileReference; fileEncoding = 4; lastKnownFileType = sourcecode.swift; path = AppState.swift; sourceTree = "<group>"; };
		2C7907451D7E153E001AD8F9 /* Actions.swift */ = {isa = PBXFileReference; fileEncoding = 4; lastKnownFileType = sourcecode.swift; path = Actions.swift; sourceTree = "<group>"; };
		2C7907471D7E162B001AD8F9 /* AppReducer.swift */ = {isa = PBXFileReference; fileEncoding = 4; lastKnownFileType = sourcecode.swift; path = AppReducer.swift; sourceTree = "<group>"; };
		2C7907491D7E1C71001AD8F9 /* RegularCell.swift */ = {isa = PBXFileReference; fileEncoding = 4; lastKnownFileType = sourcecode.swift; path = RegularCell.swift; sourceTree = "<group>"; };
		410AF58C6DDB3C738B74B55B /* Pods-LearningReSwift.debug.xcconfig */ = {isa = PBXFileReference; includeInIndex = 1; lastKnownFileType = text.xcconfig; name = "Pods-LearningReSwift.debug.xcconfig"; path = "Pods/Target Support Files/Pods-LearningReSwift/Pods-LearningReSwift.debug.xcconfig"; sourceTree = "<group>"; };
		4CC61639715264E6750B2E2D /* Pods-LearningReSwiftTests.release.xcconfig */ = {isa = PBXFileReference; includeInIndex = 1; lastKnownFileType = text.xcconfig; name = "Pods-LearningReSwiftTests.release.xcconfig"; path = "Pods/Target Support Files/Pods-LearningReSwiftTests/Pods-LearningReSwiftTests.release.xcconfig"; sourceTree = "<group>"; };
		64CFF0AEC85BB63AEC91BF4D /* Pods_LearningReSwiftTests.framework */ = {isa = PBXFileReference; explicitFileType = wrapper.framework; includeInIndex = 0; path = Pods_LearningReSwiftTests.framework; sourceTree = BUILT_PRODUCTS_DIR; };
		8C31746FFD150E1A19A2FC64 /* Pods-LearningReSwiftUITests.release.xcconfig */ = {isa = PBXFileReference; includeInIndex = 1; lastKnownFileType = text.xcconfig; name = "Pods-LearningReSwiftUITests.release.xcconfig"; path = "Pods/Target Support Files/Pods-LearningReSwiftUITests/Pods-LearningReSwiftUITests.release.xcconfig"; sourceTree = "<group>"; };
		B1677B8EB3A2139CADB192E5 /* Pods_LearningReSwift.framework */ = {isa = PBXFileReference; explicitFileType = wrapper.framework; includeInIndex = 0; path = Pods_LearningReSwift.framework; sourceTree = BUILT_PRODUCTS_DIR; };
		BE95492DBFEA1BF423EA95A4 /* Pods_LearningReSwiftUITests.framework */ = {isa = PBXFileReference; explicitFileType = wrapper.framework; includeInIndex = 0; path = Pods_LearningReSwiftUITests.framework; sourceTree = BUILT_PRODUCTS_DIR; };
		EDFF88EBD98CD5E89DB65AD8 /* Pods-LearningReSwiftUITests.debug.xcconfig */ = {isa = PBXFileReference; includeInIndex = 1; lastKnownFileType = text.xcconfig; name = "Pods-LearningReSwiftUITests.debug.xcconfig"; path = "Pods/Target Support Files/Pods-LearningReSwiftUITests/Pods-LearningReSwiftUITests.debug.xcconfig"; sourceTree = "<group>"; };
/* End PBXFileReference section */

/* Begin PBXFrameworksBuildPhase section */
		2C4EAC281D7435D200643F03 /* Frameworks */ = {
			isa = PBXFrameworksBuildPhase;
			buildActionMask = 2147483647;
			files = (
				B5BA43A42D49DBCF8CE66ACF /* Pods_LearningReSwift.framework in Frameworks */,
			);
			runOnlyForDeploymentPostprocessing = 0;
		};
		2C4EAC3C1D7435D200643F03 /* Frameworks */ = {
			isa = PBXFrameworksBuildPhase;
			buildActionMask = 2147483647;
			files = (
				4FEA71E6ACF432EEC8E25FE5 /* Pods_LearningReSwiftTests.framework in Frameworks */,
			);
			runOnlyForDeploymentPostprocessing = 0;
		};
		2C4EAC471D7435D200643F03 /* Frameworks */ = {
			isa = PBXFrameworksBuildPhase;
			buildActionMask = 2147483647;
			files = (
				08CE84903C744C8BF5E2EA5E /* Pods_LearningReSwiftUITests.framework in Frameworks */,
			);
			runOnlyForDeploymentPostprocessing = 0;
		};
/* End PBXFrameworksBuildPhase section */

/* Begin PBXGroup section */
		2C4EAC221D7435D200643F03 = {
			isa = PBXGroup;
			children = (
				2C4EAC2D1D7435D200643F03 /* LearningReSwift */,
				2C4EAC421D7435D200643F03 /* LearningReSwiftTests */,
				2C4EAC4D1D7435D200643F03 /* LearningReSwiftUITests */,
				2C4EAC2C1D7435D200643F03 /* Products */,
				C03BA90D3BC80E412C3284DC /* Pods */,
				8164980E3BCC8986CFBFAF72 /* Frameworks */,
			);
			sourceTree = "<group>";
		};
		2C4EAC2C1D7435D200643F03 /* Products */ = {
			isa = PBXGroup;
			children = (
				2C4EAC2B1D7435D200643F03 /* LearningReSwift.app */,
				2C4EAC3F1D7435D200643F03 /* LearningReSwiftTests.xctest */,
				2C4EAC4A1D7435D200643F03 /* LearningReSwiftUITests.xctest */,
			);
			name = Products;
			sourceTree = "<group>";
		};
		2C4EAC2D1D7435D200643F03 /* LearningReSwift */ = {
			isa = PBXGroup;
			children = (
				2C4EAC2E1D7435D200643F03 /* AppDelegate.swift */,
				2C7907431D7E14CC001AD8F9 /* AppState.swift */,
				2C7907451D7E153E001AD8F9 /* Actions.swift */,
				2C4EAC301D7435D200643F03 /* ViewController.swift */,
				2C7907471D7E162B001AD8F9 /* AppReducer.swift */,
				2C7907491D7E1C71001AD8F9 /* RegularCell.swift */,
				2C3376CF1D7EE432000158BE /* HeaderCell.swift */,
				2C4EAC321D7435D200643F03 /* Main.storyboard */,
				2C4EAC351D7435D200643F03 /* Assets.xcassets */,
				2C4EAC371D7435D200643F03 /* LaunchScreen.storyboard */,
				2C4EAC3A1D7435D200643F03 /* Info.plist */,
			);
			path = LearningReSwift;
			sourceTree = "<group>";
		};
		2C4EAC421D7435D200643F03 /* LearningReSwiftTests */ = {
			isa = PBXGroup;
			children = (
				2C4EAC431D7435D200643F03 /* LearningReSwiftTests.swift */,
				2C4EAC451D7435D200643F03 /* Info.plist */,
			);
			path = LearningReSwiftTests;
			sourceTree = "<group>";
		};
		2C4EAC4D1D7435D200643F03 /* LearningReSwiftUITests */ = {
			isa = PBXGroup;
			children = (
				2C4EAC4E1D7435D200643F03 /* LearningReSwiftUITests.swift */,
				2C4EAC501D7435D200643F03 /* Info.plist */,
			);
			path = LearningReSwiftUITests;
			sourceTree = "<group>";
		};
		8164980E3BCC8986CFBFAF72 /* Frameworks */ = {
			isa = PBXGroup;
			children = (
				B1677B8EB3A2139CADB192E5 /* Pods_LearningReSwift.framework */,
				64CFF0AEC85BB63AEC91BF4D /* Pods_LearningReSwiftTests.framework */,
				BE95492DBFEA1BF423EA95A4 /* Pods_LearningReSwiftUITests.framework */,
			);
			name = Frameworks;
			sourceTree = "<group>";
		};
		C03BA90D3BC80E412C3284DC /* Pods */ = {
			isa = PBXGroup;
			children = (
				410AF58C6DDB3C738B74B55B /* Pods-LearningReSwift.debug.xcconfig */,
				16A2A6866AA7841D04EAB54B /* Pods-LearningReSwift.release.xcconfig */,
				108891B889B5D877477EB1E8 /* Pods-LearningReSwiftTests.debug.xcconfig */,
				4CC61639715264E6750B2E2D /* Pods-LearningReSwiftTests.release.xcconfig */,
				EDFF88EBD98CD5E89DB65AD8 /* Pods-LearningReSwiftUITests.debug.xcconfig */,
				8C31746FFD150E1A19A2FC64 /* Pods-LearningReSwiftUITests.release.xcconfig */,
			);
			name = Pods;
			sourceTree = "<group>";
		};
/* End PBXGroup section */

/* Begin PBXNativeTarget section */
		2C4EAC2A1D7435D200643F03 /* LearningReSwift */ = {
			isa = PBXNativeTarget;
			buildConfigurationList = 2C4EAC531D7435D200643F03 /* Build configuration list for PBXNativeTarget "LearningReSwift" */;
			buildPhases = (
				64A410C80C2631E9D3FA7AE7 /* 📦 Check Pods Manifest.lock */,
				2C4EAC271D7435D200643F03 /* Sources */,
				2C4EAC281D7435D200643F03 /* Frameworks */,
				2C4EAC291D7435D200643F03 /* Resources */,
				1624A009CD36133FF3DB6725 /* 📦 Embed Pods Frameworks */,
				EE9B22B7EB27865D12EEF6D6 /* 📦 Copy Pods Resources */,
			);
			buildRules = (
			);
			dependencies = (
			);
			name = LearningReSwift;
			productName = LearningReSwift;
			productReference = 2C4EAC2B1D7435D200643F03 /* LearningReSwift.app */;
			productType = "com.apple.product-type.application";
		};
		2C4EAC3E1D7435D200643F03 /* LearningReSwiftTests */ = {
			isa = PBXNativeTarget;
			buildConfigurationList = 2C4EAC561D7435D200643F03 /* Build configuration list for PBXNativeTarget "LearningReSwiftTests" */;
			buildPhases = (
				D6E2D6BF103893C86F461A1A /* 📦 Check Pods Manifest.lock */,
				2C4EAC3B1D7435D200643F03 /* Sources */,
				2C4EAC3C1D7435D200643F03 /* Frameworks */,
				2C4EAC3D1D7435D200643F03 /* Resources */,
				5B9741E22563763FD06135C6 /* 📦 Embed Pods Frameworks */,
				0D049F6513445D83E71DB8C6 /* 📦 Copy Pods Resources */,
			);
			buildRules = (
			);
			dependencies = (
				2C4EAC411D7435D200643F03 /* PBXTargetDependency */,
			);
			name = LearningReSwiftTests;
			productName = LearningReSwiftTests;
			productReference = 2C4EAC3F1D7435D200643F03 /* LearningReSwiftTests.xctest */;
			productType = "com.apple.product-type.bundle.unit-test";
		};
		2C4EAC491D7435D200643F03 /* LearningReSwiftUITests */ = {
			isa = PBXNativeTarget;
			buildConfigurationList = 2C4EAC591D7435D200643F03 /* Build configuration list for PBXNativeTarget "LearningReSwiftUITests" */;
			buildPhases = (
				833FE898AB15A26018729F82 /* 📦 Check Pods Manifest.lock */,
				2C4EAC461D7435D200643F03 /* Sources */,
				2C4EAC471D7435D200643F03 /* Frameworks */,
				2C4EAC481D7435D200643F03 /* Resources */,
				271791102A40FEE79472D187 /* 📦 Copy Pods Resources */,
			);
			buildRules = (
			);
			dependencies = (
				2C4EAC4C1D7435D200643F03 /* PBXTargetDependency */,
			);
			name = LearningReSwiftUITests;
			productName = LearningReSwiftUITests;
			productReference = 2C4EAC4A1D7435D200643F03 /* LearningReSwiftUITests.xctest */;
			productType = "com.apple.product-type.bundle.ui-testing";
		};
/* End PBXNativeTarget section */

/* Begin PBXProject section */
		2C4EAC231D7435D200643F03 /* Project object */ = {
			isa = PBXProject;
			attributes = {
				LastSwiftUpdateCheck = 0730;
				LastUpgradeCheck = 0730;
				ORGANIZATIONNAME = Or;
				TargetAttributes = {
					2C4EAC2A1D7435D200643F03 = {
						CreatedOnToolsVersion = 7.3.1;
					};
					2C4EAC3E1D7435D200643F03 = {
						CreatedOnToolsVersion = 7.3.1;
						TestTargetID = 2C4EAC2A1D7435D200643F03;
					};
					2C4EAC491D7435D200643F03 = {
						CreatedOnToolsVersion = 7.3.1;
						TestTargetID = 2C4EAC2A1D7435D200643F03;
					};
				};
			};
			buildConfigurationList = 2C4EAC261D7435D200643F03 /* Build configuration list for PBXProject "LearningReSwift" */;
			compatibilityVersion = "Xcode 3.2";
			developmentRegion = English;
			hasScannedForEncodings = 0;
			knownRegions = (
				en,
				Base,
			);
			mainGroup = 2C4EAC221D7435D200643F03;
			productRefGroup = 2C4EAC2C1D7435D200643F03 /* Products */;
			projectDirPath = "";
			projectRoot = "";
			targets = (
				2C4EAC2A1D7435D200643F03 /* LearningReSwift */,
				2C4EAC3E1D7435D200643F03 /* LearningReSwiftTests */,
				2C4EAC491D7435D200643F03 /* LearningReSwiftUITests */,
			);
		};
/* End PBXProject section */

/* Begin PBXResourcesBuildPhase section */
		2C4EAC291D7435D200643F03 /* Resources */ = {
			isa = PBXResourcesBuildPhase;
			buildActionMask = 2147483647;
			files = (
				2C4EAC391D7435D200643F03 /* LaunchScreen.storyboard in Resources */,
				2C4EAC361D7435D200643F03 /* Assets.xcassets in Resources */,
				2C4EAC341D7435D200643F03 /* Main.storyboard in Resources */,
			);
			runOnlyForDeploymentPostprocessing = 0;
		};
		2C4EAC3D1D7435D200643F03 /* Resources */ = {
			isa = PBXResourcesBuildPhase;
			buildActionMask = 2147483647;
			files = (
			);
			runOnlyForDeploymentPostprocessing = 0;
		};
		2C4EAC481D7435D200643F03 /* Resources */ = {
			isa = PBXResourcesBuildPhase;
			buildActionMask = 2147483647;
			files = (
			);
			runOnlyForDeploymentPostprocessing = 0;
		};
/* End PBXResourcesBuildPhase section */

/* Begin PBXShellScriptBuildPhase section */
		0D049F6513445D83E71DB8C6 /* 📦 Copy Pods Resources */ = {
			isa = PBXShellScriptBuildPhase;
			buildActionMask = 2147483647;
			files = (
			);
			inputPaths = (
			);
			name = "📦 Copy Pods Resources";
			outputPaths = (
			);
			runOnlyForDeploymentPostprocessing = 0;
			shellPath = /bin/sh;
			shellScript = "\"${SRCROOT}/Pods/Target Support Files/Pods-LearningReSwiftTests/Pods-LearningReSwiftTests-resources.sh\"\n";
			showEnvVarsInLog = 0;
		};
		1624A009CD36133FF3DB6725 /* 📦 Embed Pods Frameworks */ = {
			isa = PBXShellScriptBuildPhase;
			buildActionMask = 2147483647;
			files = (
			);
			inputPaths = (
			);
			name = "📦 Embed Pods Frameworks";
			outputPaths = (
			);
			runOnlyForDeploymentPostprocessing = 0;
			shellPath = /bin/sh;
			shellScript = "\"${SRCROOT}/Pods/Target Support Files/Pods-LearningReSwift/Pods-LearningReSwift-frameworks.sh\"\n";
			showEnvVarsInLog = 0;
		};
		271791102A40FEE79472D187 /* 📦 Copy Pods Resources */ = {
			isa = PBXShellScriptBuildPhase;
			buildActionMask = 2147483647;
			files = (
			);
			inputPaths = (
			);
			name = "📦 Copy Pods Resources";
			outputPaths = (
			);
			runOnlyForDeploymentPostprocessing = 0;
			shellPath = /bin/sh;
			shellScript = "\"${SRCROOT}/Pods/Target Support Files/Pods-LearningReSwiftUITests/Pods-LearningReSwiftUITests-resources.sh\"\n";
			showEnvVarsInLog = 0;
		};
		5B9741E22563763FD06135C6 /* 📦 Embed Pods Frameworks */ = {
			isa = PBXShellScriptBuildPhase;
			buildActionMask = 2147483647;
			files = (
			);
			inputPaths = (
			);
			name = "📦 Embed Pods Frameworks";
			outputPaths = (
			);
			runOnlyForDeploymentPostprocessing = 0;
			shellPath = /bin/sh;
			shellScript = "\"${SRCROOT}/Pods/Target Support Files/Pods-LearningReSwiftTests/Pods-LearningReSwiftTests-frameworks.sh\"\n";
			showEnvVarsInLog = 0;
		};
		64A410C80C2631E9D3FA7AE7 /* 📦 Check Pods Manifest.lock */ = {
			isa = PBXShellScriptBuildPhase;
			buildActionMask = 2147483647;
			files = (
			);
			inputPaths = (
			);
			name = "📦 Check Pods Manifest.lock";
			outputPaths = (
			);
			runOnlyForDeploymentPostprocessing = 0;
			shellPath = /bin/sh;
			shellScript = "diff \"${PODS_ROOT}/../Podfile.lock\" \"${PODS_ROOT}/Manifest.lock\" > /dev/null\nif [[ $? != 0 ]] ; then\n    cat << EOM\nerror: The sandbox is not in sync with the Podfile.lock. Run 'pod install' or update your CocoaPods installation.\nEOM\n    exit 1\nfi\n";
			showEnvVarsInLog = 0;
		};
		833FE898AB15A26018729F82 /* 📦 Check Pods Manifest.lock */ = {
			isa = PBXShellScriptBuildPhase;
			buildActionMask = 2147483647;
			files = (
			);
			inputPaths = (
			);
			name = "📦 Check Pods Manifest.lock";
			outputPaths = (
			);
			runOnlyForDeploymentPostprocessing = 0;
			shellPath = /bin/sh;
			shellScript = "diff \"${PODS_ROOT}/../Podfile.lock\" \"${PODS_ROOT}/Manifest.lock\" > /dev/null\nif [[ $? != 0 ]] ; then\n    cat << EOM\nerror: The sandbox is not in sync with the Podfile.lock. Run 'pod install' or update your CocoaPods installation.\nEOM\n    exit 1\nfi\n";
			showEnvVarsInLog = 0;
		};
		D6E2D6BF103893C86F461A1A /* 📦 Check Pods Manifest.lock */ = {
			isa = PBXShellScriptBuildPhase;
			buildActionMask = 2147483647;
			files = (
			);
			inputPaths = (
			);
			name = "📦 Check Pods Manifest.lock";
			outputPaths = (
			);
			runOnlyForDeploymentPostprocessing = 0;
			shellPath = /bin/sh;
			shellScript = "diff \"${PODS_ROOT}/../Podfile.lock\" \"${PODS_ROOT}/Manifest.lock\" > /dev/null\nif [[ $? != 0 ]] ; then\n    cat << EOM\nerror: The sandbox is not in sync with the Podfile.lock. Run 'pod install' or update your CocoaPods installation.\nEOM\n    exit 1\nfi\n";
			showEnvVarsInLog = 0;
		};
		EE9B22B7EB27865D12EEF6D6 /* 📦 Copy Pods Resources */ = {
			isa = PBXShellScriptBuildPhase;
			buildActionMask = 2147483647;
			files = (
			);
			inputPaths = (
			);
			name = "📦 Copy Pods Resources";
			outputPaths = (
			);
			runOnlyForDeploymentPostprocessing = 0;
			shellPath = /bin/sh;
			shellScript = "\"${SRCROOT}/Pods/Target Support Files/Pods-LearningReSwift/Pods-LearningReSwift-resources.sh\"\n";
			showEnvVarsInLog = 0;
		};
/* End PBXShellScriptBuildPhase section */

/* Begin PBXSourcesBuildPhase section */
		2C4EAC271D7435D200643F03 /* Sources */ = {
			isa = PBXSourcesBuildPhase;
			buildActionMask = 2147483647;
			files = (
				2C7907441D7E14CC001AD8F9 /* AppState.swift in Sources */,
				2C7907461D7E153E001AD8F9 /* Actions.swift in Sources */,
				2C79074A1D7E1C71001AD8F9 /* RegularCell.swift in Sources */,
				2C4EAC311D7435D200643F03 /* ViewController.swift in Sources */,
				2C4EAC2F1D7435D200643F03 /* AppDelegate.swift in Sources */,
				2C7907481D7E162B001AD8F9 /* AppReducer.swift in Sources */,
				2C3376D01D7EE432000158BE /* HeaderCell.swift in Sources */,
			);
			runOnlyForDeploymentPostprocessing = 0;
		};
		2C4EAC3B1D7435D200643F03 /* Sources */ = {
			isa = PBXSourcesBuildPhase;
			buildActionMask = 2147483647;
			files = (
				2C4EAC441D7435D200643F03 /* LearningReSwiftTests.swift in Sources */,
			);
			runOnlyForDeploymentPostprocessing = 0;
		};
		2C4EAC461D7435D200643F03 /* Sources */ = {
			isa = PBXSourcesBuildPhase;
			buildActionMask = 2147483647;
			files = (
				2C4EAC4F1D7435D200643F03 /* LearningReSwiftUITests.swift in Sources */,
			);
			runOnlyForDeploymentPostprocessing = 0;
		};
/* End PBXSourcesBuildPhase section */

/* Begin PBXTargetDependency section */
		2C4EAC411D7435D200643F03 /* PBXTargetDependency */ = {
			isa = PBXTargetDependency;
			target = 2C4EAC2A1D7435D200643F03 /* LearningReSwift */;
			targetProxy = 2C4EAC401D7435D200643F03 /* PBXContainerItemProxy */;
		};
		2C4EAC4C1D7435D200643F03 /* PBXTargetDependency */ = {
			isa = PBXTargetDependency;
			target = 2C4EAC2A1D7435D200643F03 /* LearningReSwift */;
			targetProxy = 2C4EAC4B1D7435D200643F03 /* PBXContainerItemProxy */;
		};
/* End PBXTargetDependency section */

/* Begin PBXVariantGroup section */
		2C4EAC321D7435D200643F03 /* Main.storyboard */ = {
			isa = PBXVariantGroup;
			children = (
				2C4EAC331D7435D200643F03 /* Base */,
			);
			name = Main.storyboard;
			sourceTree = "<group>";
		};
		2C4EAC371D7435D200643F03 /* LaunchScreen.storyboard */ = {
			isa = PBXVariantGroup;
			children = (
				2C4EAC381D7435D200643F03 /* Base */,
			);
			name = LaunchScreen.storyboard;
			sourceTree = "<group>";
		};
/* End PBXVariantGroup section */

/* Begin XCBuildConfiguration section */
		2C4EAC511D7435D200643F03 /* Debug */ = {
			isa = XCBuildConfiguration;
			buildSettings = {
				ALWAYS_SEARCH_USER_PATHS = NO;
				CLANG_ANALYZER_NONNULL = YES;
				CLANG_CXX_LANGUAGE_STANDARD = "gnu++0x";
				CLANG_CXX_LIBRARY = "libc++";
				CLANG_ENABLE_MODULES = YES;
				CLANG_ENABLE_OBJC_ARC = YES;
				CLANG_WARN_BOOL_CONVERSION = YES;
				CLANG_WARN_CONSTANT_CONVERSION = YES;
				CLANG_WARN_DIRECT_OBJC_ISA_USAGE = YES_ERROR;
				CLANG_WARN_EMPTY_BODY = YES;
				CLANG_WARN_ENUM_CONVERSION = YES;
				CLANG_WARN_INT_CONVERSION = YES;
				CLANG_WARN_OBJC_ROOT_CLASS = YES_ERROR;
				CLANG_WARN_UNREACHABLE_CODE = YES;
				CLANG_WARN__DUPLICATE_METHOD_MATCH = YES;
				"CODE_SIGN_IDENTITY[sdk=iphoneos*]" = "iPhone Developer";
				COPY_PHASE_STRIP = NO;
				DEBUG_INFORMATION_FORMAT = dwarf;
				ENABLE_STRICT_OBJC_MSGSEND = YES;
				ENABLE_TESTABILITY = YES;
				GCC_C_LANGUAGE_STANDARD = gnu99;
				GCC_DYNAMIC_NO_PIC = NO;
				GCC_NO_COMMON_BLOCKS = YES;
				GCC_OPTIMIZATION_LEVEL = 0;
				GCC_PREPROCESSOR_DEFINITIONS = (
					"DEBUG=1",
					"$(inherited)",
				);
				GCC_WARN_64_TO_32_BIT_CONVERSION = YES;
				GCC_WARN_ABOUT_RETURN_TYPE = YES_ERROR;
				GCC_WARN_UNDECLARED_SELECTOR = YES;
				GCC_WARN_UNINITIALIZED_AUTOS = YES_AGGRESSIVE;
				GCC_WARN_UNUSED_FUNCTION = YES;
				GCC_WARN_UNUSED_VARIABLE = YES;
				IPHONEOS_DEPLOYMENT_TARGET = 9.3;
				MTL_ENABLE_DEBUG_INFO = YES;
				ONLY_ACTIVE_ARCH = YES;
				SDKROOT = iphoneos;
				SWIFT_OPTIMIZATION_LEVEL = "-Onone";
				TARGETED_DEVICE_FAMILY = "1,2";
			};
			name = Debug;
		};
		2C4EAC521D7435D200643F03 /* Release */ = {
			isa = XCBuildConfiguration;
			buildSettings = {
				ALWAYS_SEARCH_USER_PATHS = NO;
				CLANG_ANALYZER_NONNULL = YES;
				CLANG_CXX_LANGUAGE_STANDARD = "gnu++0x";
				CLANG_CXX_LIBRARY = "libc++";
				CLANG_ENABLE_MODULES = YES;
				CLANG_ENABLE_OBJC_ARC = YES;
				CLANG_WARN_BOOL_CONVERSION = YES;
				CLANG_WARN_CONSTANT_CONVERSION = YES;
				CLANG_WARN_DIRECT_OBJC_ISA_USAGE = YES_ERROR;
				CLANG_WARN_EMPTY_BODY = YES;
				CLANG_WARN_ENUM_CONVERSION = YES;
				CLANG_WARN_INT_CONVERSION = YES;
				CLANG_WARN_OBJC_ROOT_CLASS = YES_ERROR;
				CLANG_WARN_UNREACHABLE_CODE = YES;
				CLANG_WARN__DUPLICATE_METHOD_MATCH = YES;
				"CODE_SIGN_IDENTITY[sdk=iphoneos*]" = "iPhone Developer";
				COPY_PHASE_STRIP = NO;
				DEBUG_INFORMATION_FORMAT = "dwarf-with-dsym";
				ENABLE_NS_ASSERTIONS = NO;
				ENABLE_STRICT_OBJC_MSGSEND = YES;
				GCC_C_LANGUAGE_STANDARD = gnu99;
				GCC_NO_COMMON_BLOCKS = YES;
				GCC_WARN_64_TO_32_BIT_CONVERSION = YES;
				GCC_WARN_ABOUT_RETURN_TYPE = YES_ERROR;
				GCC_WARN_UNDECLARED_SELECTOR = YES;
				GCC_WARN_UNINITIALIZED_AUTOS = YES_AGGRESSIVE;
				GCC_WARN_UNUSED_FUNCTION = YES;
				GCC_WARN_UNUSED_VARIABLE = YES;
				IPHONEOS_DEPLOYMENT_TARGET = 9.3;
				MTL_ENABLE_DEBUG_INFO = NO;
				SDKROOT = iphoneos;
				TARGETED_DEVICE_FAMILY = "1,2";
				VALIDATE_PRODUCT = YES;
			};
			name = Release;
		};
		2C4EAC541D7435D200643F03 /* Debug */ = {
			isa = XCBuildConfiguration;
			baseConfigurationReference = 410AF58C6DDB3C738B74B55B /* Pods-LearningReSwift.debug.xcconfig */;
			buildSettings = {
				ASSETCATALOG_COMPILER_APPICON_NAME = AppIcon;
				INFOPLIST_FILE = LearningReSwift/Info.plist;
				LD_RUNPATH_SEARCH_PATHS = "$(inherited) @executable_path/Frameworks";
				PRODUCT_BUNDLE_IDENTIFIER = dev.or.LearningReSwift;
				PRODUCT_NAME = "$(TARGET_NAME)";
			};
			name = Debug;
		};
		2C4EAC551D7435D200643F03 /* Release */ = {
			isa = XCBuildConfiguration;
			baseConfigurationReference = 16A2A6866AA7841D04EAB54B /* Pods-LearningReSwift.release.xcconfig */;
			buildSettings = {
				ASSETCATALOG_COMPILER_APPICON_NAME = AppIcon;
				INFOPLIST_FILE = LearningReSwift/Info.plist;
				LD_RUNPATH_SEARCH_PATHS = "$(inherited) @executable_path/Frameworks";
				PRODUCT_BUNDLE_IDENTIFIER = dev.or.LearningReSwift;
				PRODUCT_NAME = "$(TARGET_NAME)";
			};
			name = Release;
		};
		2C4EAC571D7435D200643F03 /* Debug */ = {
			isa = XCBuildConfiguration;
			baseConfigurationReference = 108891B889B5D877477EB1E8 /* Pods-LearningReSwiftTests.debug.xcconfig */;
			buildSettings = {
				BUNDLE_LOADER = "$(TEST_HOST)";
				INFOPLIST_FILE = LearningReSwiftTests/Info.plist;
				LD_RUNPATH_SEARCH_PATHS = "$(inherited) @executable_path/Frameworks @loader_path/Frameworks";
				PRODUCT_BUNDLE_IDENTIFIER = dev.or.LearningReSwiftTests;
				PRODUCT_NAME = "$(TARGET_NAME)";
				TEST_HOST = "$(BUILT_PRODUCTS_DIR)/LearningReSwift.app/LearningReSwift";
			};
			name = Debug;
		};
		2C4EAC581D7435D200643F03 /* Release */ = {
			isa = XCBuildConfiguration;
			baseConfigurationReference = 4CC61639715264E6750B2E2D /* Pods-LearningReSwiftTests.release.xcconfig */;
			buildSettings = {
				BUNDLE_LOADER = "$(TEST_HOST)";
				INFOPLIST_FILE = LearningReSwiftTests/Info.plist;
				LD_RUNPATH_SEARCH_PATHS = "$(inherited) @executable_path/Frameworks @loader_path/Frameworks";
				PRODUCT_BUNDLE_IDENTIFIER = dev.or.LearningReSwiftTests;
				PRODUCT_NAME = "$(TARGET_NAME)";
				TEST_HOST = "$(BUILT_PRODUCTS_DIR)/LearningReSwift.app/LearningReSwift";
			};
			name = Release;
		};
		2C4EAC5A1D7435D200643F03 /* Debug */ = {
			isa = XCBuildConfiguration;
			baseConfigurationReference = EDFF88EBD98CD5E89DB65AD8 /* Pods-LearningReSwiftUITests.debug.xcconfig */;
			buildSettings = {
				INFOPLIST_FILE = LearningReSwiftUITests/Info.plist;
				LD_RUNPATH_SEARCH_PATHS = "$(inherited) @executable_path/Frameworks @loader_path/Frameworks";
				PRODUCT_BUNDLE_IDENTIFIER = dev.or.LearningReSwiftUITests;
				PRODUCT_NAME = "$(TARGET_NAME)";
				TEST_TARGET_NAME = LearningReSwift;
			};
			name = Debug;
		};
		2C4EAC5B1D7435D200643F03 /* Release */ = {
			isa = XCBuildConfiguration;
			baseConfigurationReference = 8C31746FFD150E1A19A2FC64 /* Pods-LearningReSwiftUITests.release.xcconfig */;
			buildSettings = {
				INFOPLIST_FILE = LearningReSwiftUITests/Info.plist;
				LD_RUNPATH_SEARCH_PATHS = "$(inherited) @executable_path/Frameworks @loader_path/Frameworks";
				PRODUCT_BUNDLE_IDENTIFIER = dev.or.LearningReSwiftUITests;
				PRODUCT_NAME = "$(TARGET_NAME)";
				TEST_TARGET_NAME = LearningReSwift;
			};
			name = Release;
		};
/* End XCBuildConfiguration section */

/* Begin XCConfigurationList section */
		2C4EAC261D7435D200643F03 /* Build configuration list for PBXProject "LearningReSwift" */ = {
			isa = XCConfigurationList;
			buildConfigurations = (
				2C4EAC511D7435D200643F03 /* Debug */,
				2C4EAC521D7435D200643F03 /* Release */,
			);
			defaultConfigurationIsVisible = 0;
			defaultConfigurationName = Release;
		};
		2C4EAC531D7435D200643F03 /* Build configuration list for PBXNativeTarget "LearningReSwift" */ = {
			isa = XCConfigurationList;
			buildConfigurations = (
				2C4EAC541D7435D200643F03 /* Debug */,
				2C4EAC551D7435D200643F03 /* Release */,
			);
			defaultConfigurationIsVisible = 0;
			defaultConfigurationName = Release;
		};
		2C4EAC561D7435D200643F03 /* Build configuration list for PBXNativeTarget "LearningReSwiftTests" */ = {
			isa = XCConfigurationList;
			buildConfigurations = (
				2C4EAC571D7435D200643F03 /* Debug */,
				2C4EAC581D7435D200643F03 /* Release */,
			);
			defaultConfigurationIsVisible = 0;
			defaultConfigurationName = Release;
		};
		2C4EAC591D7435D200643F03 /* Build configuration list for PBXNativeTarget "LearningReSwiftUITests" */ = {
			isa = XCConfigurationList;
			buildConfigurations = (
				2C4EAC5A1D7435D200643F03 /* Debug */,
				2C4EAC5B1D7435D200643F03 /* Release */,
			);
			defaultConfigurationIsVisible = 0;
			defaultConfigurationName = Release;
		};
/* End XCConfigurationList section */
	};
	rootObject = 2C4EAC231D7435D200643F03 /* Project object */;
}
